
Microsoft Visual Studio Solution File, Format Version 12.00
# Visual Studio Version 17
VisualStudioVersion = 17.10.35004.147
MinimumVisualStudioVersion = 10.0.40219.1
Project("{FAE04EC0-301F-11D3-BF4B-00C04F79EFBC}") = "C42-G02-LINQ02", "C42-G02-LINQ02\C42-G02-LINQ02.csproj", "{51E573DF-925C-4056-A50D-9BDB859EBB51}"
EndProject
Global
	GlobalSection(SolutionConfigurationPlatforms) = preSolution
		Debug|Any CPU = Debug|Any CPU
		Release|Any CPU = Release|Any CPU
	EndGlobalSection
	GlobalSection(ProjectConfigurationPlatforms) = postSolution
		{51E573DF-925C-4056-A50D-9BDB859EBB51}.Debug|Any CPU.ActiveCfg = Debug|Any CPU
		{51E573DF-925C-4056-A50D-9BDB859EBB51}.Debug|Any CPU.Build.0 = Debug|Any CPU
		{51E573DF-925C-4056-A50D-9BDB859EBB51}.Release|Any CPU.ActiveCfg = Release|Any CPU
		{51E573DF-925C-4056-A50D-9BDB859EBB51}.Release|Any CPU.Build.0 = Release|Any CPU
	EndGlobalSection
	GlobalSection(SolutionProperties) = preSolution
		HideSolutionNode = FALSE
	EndGlobalSection
	GlobalSection(ExtensibilityGlobals) = postSolution
		SolutionGuid = {E56785B9-362C-4ECD-9DD2-D66DB4860FE5}
	EndGlobalSection
EndGlobal
